
Microsoft Visual Studio Solution File, Format Version 12.00
# Visual Studio 2013
VisualStudioVersion = 12.0.21005.1
MinimumVisualStudioVersion = 10.0.40219.1
Project("{FAE04EC0-301F-11D3-BF4B-00C04F79EFBC}") = "MYFEE.WEB", "MYFEEWEB\MYFEE.WEB.csproj", "{841BAE76-F782-4DAB-8C65-502CE85B125D}"
EndProject
Project("{FAE04EC0-301F-11D3-BF4B-00C04F79EFBC}") = "MYFEELIB.Data", "MYFEELIB.Data\MYFEELIB.Data.csproj", "{0F59DECF-E218-4B4B-A747-4A920D952A11}"
EndProject
Project("{FAE04EC0-301F-11D3-BF4B-00C04F79EFBC}") = "MYFEELIB.Domain", "MYFEELIB.Domain\MYFEELIB.Domain.csproj", "{EBAEAD2F-ECFE-41DB-91FB-92FDE83CB162}"
EndProject
Project("{FAE04EC0-301F-11D3-BF4B-00C04F79EFBC}") = "MYFEELIB.Entities", "MYFEELIB.Entities\MYFEELIB.Entities.csproj", "{0BBE3E50-21D3-42D4-AB1C-382B3E86B6F7}"
EndProject
Project("{F184B08F-C81C-45F6-A57F-5ABD9991F28F}") = "Reports", "Reports\Reports.vbproj", "{5FFC82BF-69BA-448F-90E5-EEDFE0EAC803}"
EndProject
Global
	GlobalSection(SolutionConfigurationPlatforms) = preSolution
		Debug|Any CPU = Debug|Any CPU
		Debug|x86 = Debug|x86
		Release|Any CPU = Release|Any CPU
		Release|x86 = Release|x86
	EndGlobalSection
	GlobalSection(ProjectConfigurationPlatforms) = postSolution
		{841BAE76-F782-4DAB-8C65-502CE85B125D}.Debug|Any CPU.ActiveCfg = Debug|Any CPU
		{841BAE76-F782-4DAB-8C65-502CE85B125D}.Debug|Any CPU.Build.0 = Debug|Any CPU
		{841BAE76-F782-4DAB-8C65-502CE85B125D}.Debug|x86.ActiveCfg = Debug|Any CPU
		{841BAE76-F782-4DAB-8C65-502CE85B125D}.Release|Any CPU.ActiveCfg = Release|Any CPU
		{841BAE76-F782-4DAB-8C65-502CE85B125D}.Release|Any CPU.Build.0 = Release|Any CPU
		{841BAE76-F782-4DAB-8C65-502CE85B125D}.Release|x86.ActiveCfg = Release|Any CPU
		{0F59DECF-E218-4B4B-A747-4A920D952A11}.Debug|Any CPU.ActiveCfg = Debug|Any CPU
		{0F59DECF-E218-4B4B-A747-4A920D952A11}.Debug|Any CPU.Build.0 = Debug|Any CPU
		{0F59DECF-E218-4B4B-A747-4A920D952A11}.Debug|x86.ActiveCfg = Debug|Any CPU
		{0F59DECF-E218-4B4B-A747-4A920D952A11}.Release|Any CPU.ActiveCfg = Release|Any CPU
		{0F59DECF-E218-4B4B-A747-4A920D952A11}.Release|Any CPU.Build.0 = Release|Any CPU
		{0F59DECF-E218-4B4B-A747-4A920D952A11}.Release|x86.ActiveCfg = Release|Any CPU
		{EBAEAD2F-ECFE-41DB-91FB-92FDE83CB162}.Debug|Any CPU.ActiveCfg = Debug|Any CPU
		{EBAEAD2F-ECFE-41DB-91FB-92FDE83CB162}.Debug|Any CPU.Build.0 = Debug|Any CPU
		{EBAEAD2F-ECFE-41DB-91FB-92FDE83CB162}.Debug|x86.ActiveCfg = Debug|Any CPU
		{EBAEAD2F-ECFE-41DB-91FB-92FDE83CB162}.Release|Any CPU.ActiveCfg = Release|Any CPU
		{EBAEAD2F-ECFE-41DB-91FB-92FDE83CB162}.Release|Any CPU.Build.0 = Release|Any CPU
		{EBAEAD2F-ECFE-41DB-91FB-92FDE83CB162}.Release|x86.ActiveCfg = Release|Any CPU
		{0BBE3E50-21D3-42D4-AB1C-382B3E86B6F7}.Debug|Any CPU.ActiveCfg = Debug|Any CPU
		{0BBE3E50-21D3-42D4-AB1C-382B3E86B6F7}.Debug|Any CPU.Build.0 = Debug|Any CPU
		{0BBE3E50-21D3-42D4-AB1C-382B3E86B6F7}.Debug|x86.ActiveCfg = Debug|Any CPU
		{0BBE3E50-21D3-42D4-AB1C-382B3E86B6F7}.Release|Any CPU.ActiveCfg = Release|Any CPU
		{0BBE3E50-21D3-42D4-AB1C-382B3E86B6F7}.Release|Any CPU.Build.0 = Release|Any CPU
		{0BBE3E50-21D3-42D4-AB1C-382B3E86B6F7}.Release|x86.ActiveCfg = Release|Any CPU
		{5FFC82BF-69BA-448F-90E5-EEDFE0EAC803}.Debug|Any CPU.ActiveCfg = Debug|Any CPU
		{5FFC82BF-69BA-448F-90E5-EEDFE0EAC803}.Debug|Any CPU.Build.0 = Debug|Any CPU
		{5FFC82BF-69BA-448F-90E5-EEDFE0EAC803}.Debug|x86.ActiveCfg = Debug|x86
		{5FFC82BF-69BA-448F-90E5-EEDFE0EAC803}.Debug|x86.Build.0 = Debug|x86
		{5FFC82BF-69BA-448F-90E5-EEDFE0EAC803}.Release|Any CPU.ActiveCfg = Release|Any CPU
		{5FFC82BF-69BA-448F-90E5-EEDFE0EAC803}.Release|Any CPU.Build.0 = Release|Any CPU
		{5FFC82BF-69BA-448F-90E5-EEDFE0EAC803}.Release|x86.ActiveCfg = Release|x86
		{5FFC82BF-69BA-448F-90E5-EEDFE0EAC803}.Release|x86.Build.0 = Release|x86
	EndGlobalSection
	GlobalSection(SolutionProperties) = preSolution
		HideSolutionNode = FALSE
	EndGlobalSection
EndGlobal
